// !$*UTF8*$!
{
	archiveVersion = 1;
	classes = {
	};
	objectVersion = 46;
	objects = {

/* Begin PBXBuildFile section */
		04155A9C1F1AF2C10027EAF6 /* BaseModel.m in Sources */ = {isa = PBXBuildFile; fileRef = 04155A9B1F1AF2C10027EAF6 /* BaseModel.m */; };
		04155AA21F1AF4510027EAF6 /* Model.m in Sources */ = {isa = PBXBuildFile; fileRef = 04155AA11F1AF4510027EAF6 /* Model.m */; };
		04155AA51F1AFE330027EAF6 /* Book.m in Sources */ = {isa = PBXBuildFile; fileRef = 04155AA41F1AFE330027EAF6 /* Book.m */; };
		04155AAE1F1B13940027EAF6 /* Person.m in Sources */ = {isa = PBXBuildFile; fileRef = 04155AAD1F1B13940027EAF6 /* Person.m */; };
		9373310C1EB97A2300C81823 /* main.m in Sources */ = {isa = PBXBuildFile; fileRef = 9373310B1EB97A2300C81823 /* main.m */; };
		9373310F1EB97A2300C81823 /* AppDelegate.m in Sources */ = {isa = PBXBuildFile; fileRef = 9373310E1EB97A2300C81823 /* AppDelegate.m */; };
		937331121EB97A2300C81823 /* ViewController.m in Sources */ = {isa = PBXBuildFile; fileRef = 937331111EB97A2300C81823 /* ViewController.m */; };
		937331151EB97A2300C81823 /* Main.storyboard in Resources */ = {isa = PBXBuildFile; fileRef = 937331131EB97A2300C81823 /* Main.storyboard */; };
		937331171EB97A2300C81823 /* Assets.xcassets in Resources */ = {isa = PBXBuildFile; fileRef = 937331161EB97A2300C81823 /* Assets.xcassets */; };
		9373311A1EB97A2300C81823 /* LaunchScreen.storyboard in Resources */ = {isa = PBXBuildFile; fileRef = 937331181EB97A2300C81823 /* LaunchScreen.storyboard */; };
		937331251EB97A2300C81823 /* KVCDictZModelTests.m in Sources */ = {isa = PBXBuildFile; fileRef = 937331241EB97A2300C81823 /* KVCDictZModelTests.m */; };
		937331301EB97A2300C81823 /* KVCDictZModelUITests.m in Sources */ = {isa = PBXBuildFile; fileRef = 9373312F1EB97A2300C81823 /* KVCDictZModelUITests.m */; };
/* End PBXBuildFile section */

/* Begin PBXContainerItemProxy section */
		937331211EB97A2300C81823 /* PBXContainerItemProxy */ = {
			isa = PBXContainerItemProxy;
			containerPortal = 937330FF1EB97A2200C81823 /* Project object */;
			proxyType = 1;
			remoteGlobalIDString = 937331061EB97A2200C81823;
			remoteInfo = KVCDictZModel;
		};
		9373312C1EB97A2300C81823 /* PBXContainerItemProxy */ = {
			isa = PBXContainerItemProxy;
			containerPortal = 937330FF1EB97A2200C81823 /* Project object */;
			proxyType = 1;
			remoteGlobalIDString = 937331061EB97A2200C81823;
			remoteInfo = KVCDictZModel;
		};
/* End PBXContainerItemProxy section */

/* Begin PBXFileReference section */
		04155A9A1F1AF2C10027EAF6 /* BaseModel.h */ = {isa = PBXFileReference; fileEncoding = 4; lastKnownFileType = sourcecode.c.h; path = BaseModel.h; sourceTree = "<group>"; };
		04155A9B1F1AF2C10027EAF6 /* BaseModel.m */ = {isa = PBXFileReference; fileEncoding = 4; lastKnownFileType = sourcecode.c.objc; path = BaseModel.m; sourceTree = "<group>"; };
		04155AA01F1AF4510027EAF6 /* Model.h */ = {isa = PBXFileReference; fileEncoding = 4; lastKnownFileType = sourcecode.c.h; path = Model.h; sourceTree = "<group>"; };
		04155AA11F1AF4510027EAF6 /* Model.m */ = {isa = PBXFileReference; fileEncoding = 4; lastKnownFileType = sourcecode.c.objc; path = Model.m; sourceTree = "<group>"; };
		04155AA31F1AFE330027EAF6 /* Book.h */ = {isa = PBXFileReference; fileEncoding = 4; lastKnownFileType = sourcecode.c.h; path = Book.h; sourceTree = "<group>"; };
		04155AA41F1AFE330027EAF6 /* Book.m */ = {isa = PBXFileReference; fileEncoding = 4; lastKnownFileType = sourcecode.c.objc; path = Book.m; sourceTree = "<group>"; };
		04155AAC1F1B13940027EAF6 /* Person.h */ = {isa = PBXFileReference; fileEncoding = 4; lastKnownFileType = sourcecode.c.h; path = Person.h; sourceTree = "<group>"; };
		04155AAD1F1B13940027EAF6 /* Person.m */ = {isa = PBXFileReference; fileEncoding = 4; lastKnownFileType = sourcecode.c.objc; path = Person.m; sourceTree = "<group>"; };
		937331071EB97A2200C81823 /* KVCDictZModel.app */ = {isa = PBXFileReference; explicitFileType = wrapper.application; includeInIndex = 0; path = KVCDictZModel.app; sourceTree = BUILT_PRODUCTS_DIR; };
		9373310B1EB97A2300C81823 /* main.m */ = {isa = PBXFileReference; lastKnownFileType = sourcecode.c.objc; path = main.m; sourceTree = "<group>"; };
		9373310D1EB97A2300C81823 /* AppDelegate.h */ = {isa = PBXFileReference; lastKnownFileType = sourcecode.c.h; path = AppDelegate.h; sourceTree = "<group>"; };
		9373310E1EB97A2300C81823 /* AppDelegate.m */ = {isa = PBXFileReference; lastKnownFileType = sourcecode.c.objc; path = AppDelegate.m; sourceTree = "<group>"; };
		937331101EB97A2300C81823 /* ViewController.h */ = {isa = PBXFileReference; lastKnownFileType = sourcecode.c.h; path = ViewController.h; sourceTree = "<group>"; };
		937331111EB97A2300C81823 /* ViewController.m */ = {isa = PBXFileReference; lastKnownFileType = sourcecode.c.objc; path = ViewController.m; sourceTree = "<group>"; };
		937331141EB97A2300C81823 /* Base */ = {isa = PBXFileReference; lastKnownFileType = file.storyboard; name = Base; path = Base.lproj/Main.storyboard; sourceTree = "<group>"; };
		937331161EB97A2300C81823 /* Assets.xcassets */ = {isa = PBXFileReference; lastKnownFileType = folder.assetcatalog; path = Assets.xcassets; sourceTree = "<group>"; };
		937331191EB97A2300C81823 /* Base */ = {isa = PBXFileReference; lastKnownFileType = file.storyboard; name = Base; path = Base.lproj/LaunchScreen.storyboard; sourceTree = "<group>"; };
		9373311B1EB97A2300C81823 /* Info.plist */ = {isa = PBXFileReference; lastKnownFileType = text.plist.xml; path = Info.plist; sourceTree = "<group>"; };
		937331201EB97A2300C81823 /* KVCDictZModelTests.xctest */ = {isa = PBXFileReference; explicitFileType = wrapper.cfbundle; includeInIndex = 0; path = KVCDictZModelTests.xctest; sourceTree = BUILT_PRODUCTS_DIR; };
		937331241EB97A2300C81823 /* KVCDictZModelTests.m */ = {isa = PBXFileReference; lastKnownFileType = sourcecode.c.objc; path = KVCDictZModelTests.m; sourceTree = "<group>"; };
		937331261EB97A2300C81823 /* Info.plist */ = {isa = PBXFileReference; lastKnownFileType = text.plist.xml; path = Info.plist; sourceTree = "<group>"; };
		9373312B1EB97A2300C81823 /* KVCDictZModelUITests.xctest */ = {isa = PBXFileReference; explicitFileType = wrapper.cfbundle; includeInIndex = 0; path = KVCDictZModelUITests.xctest; sourceTree = BUILT_PRODUCTS_DIR; };
		9373312F1EB97A2300C81823 /* KVCDictZModelUITests.m */ = {isa = PBXFileReference; lastKnownFileType = sourcecode.c.objc; path = KVCDictZModelUITests.m; sourceTree = "<group>"; };
		937331311EB97A2300C81823 /* Info.plist */ = {isa = PBXFileReference; lastKnownFileType = text.plist.xml; path = Info.plist; sourceTree = "<group>"; };
/* End PBXFileReference section */

/* Begin PBXFrameworksBuildPhase section */
		937331041EB97A2200C81823 /* Frameworks */ = {
			isa = PBXFrameworksBuildPhase;
			buildActionMask = 2147483647;
			files = (
			);
			runOnlyForDeploymentPostprocessing = 0;
		};
		9373311D1EB97A2300C81823 /* Frameworks */ = {
			isa = PBXFrameworksBuildPhase;
			buildActionMask = 2147483647;
			files = (
			);
			runOnlyForDeploymentPostprocessing = 0;
		};
		937331281EB97A2300C81823 /* Frameworks */ = {
			isa = PBXFrameworksBuildPhase;
			buildActionMask = 2147483647;
			files = (
			);
			runOnlyForDeploymentPostprocessing = 0;
		};
/* End PBXFrameworksBuildPhase section */

/* Begin PBXGroup section */
		04155AB01F1B38CE0027EAF6 /* BaseModel */ = {
			isa = PBXGroup;
			children = (
				04155A9A1F1AF2C10027EAF6 /* BaseModel.h */,
				04155A9B1F1AF2C10027EAF6 /* BaseModel.m */,
			);
			name = BaseModel;
			sourceTree = "<group>";
		};
		937330FE1EB97A2200C81823 = {
			isa = PBXGroup;
			children = (
				937331091EB97A2300C81823 /* KVCDictZModel */,
				937331231EB97A2300C81823 /* KVCDictZModelTests */,
				9373312E1EB97A2300C81823 /* KVCDictZModelUITests */,
				937331081EB97A2200C81823 /* Products */,
			);
			sourceTree = "<group>";
		};
		937331081EB97A2200C81823 /* Products */ = {
			isa = PBXGroup;
			children = (
				937331071EB97A2200C81823 /* KVCDictZModel.app */,
				937331201EB97A2300C81823 /* KVCDictZModelTests.xctest */,
				9373312B1EB97A2300C81823 /* KVCDictZModelUITests.xctest */,
			);
			name = Products;
			sourceTree = "<group>";
		};
		937331091EB97A2300C81823 /* KVCDictZModel */ = {
			isa = PBXGroup;
			children = (
				04155AB01F1B38CE0027EAF6 /* BaseModel */,
				9373310D1EB97A2300C81823 /* AppDelegate.h */,
				9373310E1EB97A2300C81823 /* AppDelegate.m */,
				937331101EB97A2300C81823 /* ViewController.h */,
				937331111EB97A2300C81823 /* ViewController.m */,
				04155AA01F1AF4510027EAF6 /* Model.h */,
				04155AA11F1AF4510027EAF6 /* Model.m */,
				04155AAC1F1B13940027EAF6 /* Person.h */,
				04155AAD1F1B13940027EAF6 /* Person.m */,
				04155AA31F1AFE330027EAF6 /* Book.h */,
				04155AA41F1AFE330027EAF6 /* Book.m */,
				937331131EB97A2300C81823 /* Main.storyboard */,
				937331161EB97A2300C81823 /* Assets.xcassets */,
				937331181EB97A2300C81823 /* LaunchScreen.storyboard */,
				9373311B1EB97A2300C81823 /* Info.plist */,
				9373310A1EB97A2300C81823 /* Supporting Files */,
			);
			path = KVCDictZModel;
			sourceTree = "<group>";
		};
		9373310A1EB97A2300C81823 /* Supporting Files */ = {
			isa = PBXGroup;
			children = (
				9373310B1EB97A2300C81823 /* main.m */,
			);
			name = "Supporting Files";
			sourceTree = "<group>";
		};
		937331231EB97A2300C81823 /* KVCDictZModelTests */ = {
			isa = PBXGroup;
			children = (
				937331241EB97A2300C81823 /* KVCDictZModelTests.m */,
				937331261EB97A2300C81823 /* Info.plist */,
			);
			path = KVCDictZModelTests;
			sourceTree = "<group>";
		};
		9373312E1EB97A2300C81823 /* KVCDictZModelUITests */ = {
			isa = PBXGroup;
			children = (
				9373312F1EB97A2300C81823 /* KVCDictZModelUITests.m */,
				937331311EB97A2300C81823 /* Info.plist */,
			);
			path = KVCDictZModelUITests;
			sourceTree = "<group>";
		};
/* End PBXGroup section */

/* Begin PBXNativeTarget section */
		937331061EB97A2200C81823 /* KVCDictZModel */ = {
			isa = PBXNativeTarget;
			buildConfigurationList = 937331341EB97A2300C81823 /* Build configuration list for PBXNativeTarget "KVCDictZModel" */;
			buildPhases = (
				937331031EB97A2200C81823 /* Sources */,
				937331041EB97A2200C81823 /* Frameworks */,
				937331051EB97A2200C81823 /* Resources */,
			);
			buildRules = (
			);
			dependencies = (
			);
			name = KVCDictZModel;
			productName = KVCDictZModel;
			productReference = 937331071EB97A2200C81823 /* KVCDictZModel.app */;
			productType = "com.apple.product-type.application";
		};
		9373311F1EB97A2300C81823 /* KVCDictZModelTests */ = {
			isa = PBXNativeTarget;
			buildConfigurationList = 937331371EB97A2300C81823 /* Build configuration list for PBXNativeTarget "KVCDictZModelTests" */;
			buildPhases = (
				9373311C1EB97A2300C81823 /* Sources */,
				9373311D1EB97A2300C81823 /* Frameworks */,
				9373311E1EB97A2300C81823 /* Resources */,
			);
			buildRules = (
			);
			dependencies = (
				937331221EB97A2300C81823 /* PBXTargetDependency */,
			);
			name = KVCDictZModelTests;
			productName = KVCDictZModelTests;
			productReference = 937331201EB97A2300C81823 /* KVCDictZModelTests.xctest */;
			productType = "com.apple.product-type.bundle.unit-test";
		};
		9373312A1EB97A2300C81823 /* KVCDictZModelUITests */ = {
			isa = PBXNativeTarget;
			buildConfigurationList = 9373313A1EB97A2300C81823 /* Build configuration list for PBXNativeTarget "KVCDictZModelUITests" */;
			buildPhases = (
				937331271EB97A2300C81823 /* Sources */,
				937331281EB97A2300C81823 /* Frameworks */,
				937331291EB97A2300C81823 /* Resources */,
			);
			buildRules = (
			);
			dependencies = (
				9373312D1EB97A2300C81823 /* PBXTargetDependency */,
			);
			name = KVCDictZModelUITests;
			productName = KVCDictZModelUITests;
			productReference = 9373312B1EB97A2300C81823 /* KVCDictZModelUITests.xctest */;
			productType = "com.apple.product-type.bundle.ui-testing";
		};
/* End PBXNativeTarget section */

/* Begin PBXProject section */
		937330FF1EB97A2200C81823 /* Project object */ = {
			isa = PBXProject;
			attributes = {
				LastUpgradeCheck = 0830;
				ORGANIZATIONNAME = golddatacommunications;
				TargetAttributes = {
					937331061EB97A2200C81823 = {
						CreatedOnToolsVersion = 8.3;
						DevelopmentTeam = K23Z7P2Y2K;
						ProvisioningStyle = Automatic;
					};
					9373311F1EB97A2300C81823 = {
						CreatedOnToolsVersion = 8.3;
						DevelopmentTeam = K23Z7P2Y2K;
						ProvisioningStyle = Automatic;
						TestTargetID = 937331061EB97A2200C81823;
					};
					9373312A1EB97A2300C81823 = {
						CreatedOnToolsVersion = 8.3;
						DevelopmentTeam = K23Z7P2Y2K;
						ProvisioningStyle = Automatic;
						TestTargetID = 937331061EB97A2200C81823;
					};
				};
			};
			buildConfigurationList = 937331021EB97A2200C81823 /* Build configuration list for PBXProject "KVCDictZModel" */;
			compatibilityVersion = "Xcode 3.2";
			developmentRegion = English;
			hasScannedForEncodings = 0;
			knownRegions = (
				en,
				Base,
			);
			mainGroup = 937330FE1EB97A2200C81823;
			productRefGroup = 937331081EB97A2200C81823 /* Products */;
			projectDirPath = "";
			projectRoot = "";
			targets = (
				937331061EB97A2200C81823 /* KVCDictZModel */,
				9373311F1EB97A2300C81823 /* KVCDictZModelTests */,
				9373312A1EB97A2300C81823 /* KVCDictZModelUITests */,
			);
		};
/* End PBXProject section */

/* Begin PBXResourcesBuildPhase section */
		937331051EB97A2200C81823 /* Resources */ = {
			isa = PBXResourcesBuildPhase;
			buildActionMask = 2147483647;
			files = (
				9373311A1EB97A2300C81823 /* LaunchScreen.storyboard in Resources */,
				937331171EB97A2300C81823 /* Assets.xcassets in Resources */,
				937331151EB97A2300C81823 /* Main.storyboard in Resources */,
			);
			runOnlyForDeploymentPostprocessing = 0;
		};
		9373311E1EB97A2300C81823 /* Resources */ = {
			isa = PBXResourcesBuildPhase;
			buildActionMask = 2147483647;
			files = (
			);
			runOnlyForDeploymentPostprocessing = 0;
		};
		937331291EB97A2300C81823 /* Resources */ = {
			isa = PBXResourcesBuildPhase;
			buildActionMask = 2147483647;
			files = (
			);
			runOnlyForDeploymentPostprocessing = 0;
		};
/* End PBXResourcesBuildPhase section */

/* Begin PBXSourcesBuildPhase section */
		937331031EB97A2200C81823 /* Sources */ = {
			isa = PBXSourcesBuildPhase;
			buildActionMask = 2147483647;
			files = (
				04155A9C1F1AF2C10027EAF6 /* BaseModel.m in Sources */,
				937331121EB97A2300C81823 /* ViewController.m in Sources */,
				04155AAE1F1B13940027EAF6 /* Person.m in Sources */,
				9373310F1EB97A2300C81823 /* AppDelegate.m in Sources */,
				04155AA21F1AF4510027EAF6 /* Model.m in Sources */,
				04155AA51F1AFE330027EAF6 /* Book.m in Sources */,
				9373310C1EB97A2300C81823 /* main.m in Sources */,
			);
			runOnlyForDeploymentPostprocessing = 0;
		};
		9373311C1EB97A2300C81823 /* Sources */ = {
			isa = PBXSourcesBuildPhase;
			buildActionMask = 2147483647;
			files = (
				937331251EB97A2300C81823 /* KVCDictZModelTests.m in Sources */,
			);
			runOnlyForDeploymentPostprocessing = 0;
		};
		937331271EB97A2300C81823 /* Sources */ = {
			isa = PBXSourcesBuildPhase;
			buildActionMask = 2147483647;
			files = (
				937331301EB97A2300C81823 /* KVCDictZModelUITests.m in Sources */,
			);
			runOnlyForDeploymentPostprocessing = 0;
		};
/* End PBXSourcesBuildPhase section */

/* Begin PBXTargetDependency section */
		937331221EB97A2300C81823 /* PBXTargetDependency */ = {
			isa = PBXTargetDependency;
			target = 937331061EB97A2200C81823 /* KVCDictZModel */;
			targetProxy = 937331211EB97A2300C81823 /* PBXContainerItemProxy */;
		};
		9373312D1EB97A2300C81823 /* PBXTargetDependency */ = {
			isa = PBXTargetDependency;
			target = 937331061EB97A2200C81823 /* KVCDictZModel */;
			targetProxy = 9373312C1EB97A2300C81823 /* PBXContainerItemProxy */;
		};
/* End PBXTargetDependency section */

/* Begin PBXVariantGroup section */
		937331131EB97A2300C81823 /* Main.storyboard */ = {
			isa = PBXVariantGroup;
			children = (
				937331141EB97A2300C81823 /* Base */,
			);
			name = Main.storyboard;
			sourceTree = "<group>";
		};
		937331181EB97A2300C81823 /* LaunchScreen.storyboard */ = {
			isa = PBXVariantGroup;
			children = (
				937331191EB97A2300C81823 /* Base */,
			);
			name = LaunchScreen.storyboard;
			sourceTree = "<group>";
		};
/* End PBXVariantGroup section */

/* Begin XCBuildConfiguration section */
		937331321EB97A2300C81823 /* Debug */ = {
			isa = XCBuildConfiguration;
			buildSettings = {
				ALWAYS_SEARCH_USER_PATHS = NO;
				CLANG_ANALYZER_NONNULL = YES;
				CLANG_ANALYZER_NUMBER_OBJECT_CONVERSION = YES_AGGRESSIVE;
				CLANG_CXX_LANGUAGE_STANDARD = "gnu++0x";
				CLANG_CXX_LIBRARY = "libc++";
				CLANG_ENABLE_MODULES = YES;
				CLANG_ENABLE_OBJC_ARC = YES;
				CLANG_WARN_BOOL_CONVERSION = YES;
				CLANG_WARN_CONSTANT_CONVERSION = YES;
				CLANG_WARN_DIRECT_OBJC_ISA_USAGE = YES_ERROR;
				CLANG_WARN_DOCUMENTATION_COMMENTS = YES;
				CLANG_WARN_EMPTY_BODY = YES;
				CLANG_WARN_ENUM_CONVERSION = YES;
				CLANG_WARN_INFINITE_RECURSION = YES;
				CLANG_WARN_INT_CONVERSION = YES;
				CLANG_WARN_OBJC_ROOT_CLASS = YES_ERROR;
				CLANG_WARN_SUSPICIOUS_MOVE = YES;
				CLANG_WARN_UNREACHABLE_CODE = YES;
				CLANG_WARN__DUPLICATE_METHOD_MATCH = YES;
				"CODE_SIGN_IDENTITY[sdk=iphoneos*]" = "iPhone Developer";
				COPY_PHASE_STRIP = NO;
				DEBUG_INFORMATION_FORMAT = dwarf;
				ENABLE_STRICT_OBJC_MSGSEND = YES;
				ENABLE_TESTABILITY = YES;
				GCC_C_LANGUAGE_STANDARD = gnu99;
				GCC_DYNAMIC_NO_PIC = NO;
				GCC_NO_COMMON_BLOCKS = YES;
				GCC_OPTIMIZATION_LEVEL = 0;
				GCC_PREPROCESSOR_DEFINITIONS = (
					"DEBUG=1",
					"$(inherited)",
				);
				GCC_WARN_64_TO_32_BIT_CONVERSION = YES;
				GCC_WARN_ABOUT_RETURN_TYPE = YES_ERROR;
				GCC_WARN_UNDECLARED_SELECTOR = YES;
				GCC_WARN_UNINITIALIZED_AUTOS = YES_AGGRESSIVE;
				GCC_WARN_UNUSED_FUNCTION = YES;
				GCC_WARN_UNUSED_VARIABLE = YES;
				IPHONEOS_DEPLOYMENT_TARGET = 10.3;
				MTL_ENABLE_DEBUG_INFO = YES;
				ONLY_ACTIVE_ARCH = YES;
				SDKROOT = iphoneos;
			};
			name = Debug;
		};
		937331331EB97A2300C81823 /* Release */ = {
			isa = XCBuildConfiguration;
			buildSettings = {
				ALWAYS_SEARCH_USER_PATHS = NO;
				CLANG_ANALYZER_NONNULL = YES;
				CLANG_ANALYZER_NUMBER_OBJECT_CONVERSION = YES_AGGRESSIVE;
				CLANG_CXX_LANGUAGE_STANDARD = "gnu++0x";
				CLANG_CXX_LIBRARY = "libc++";
				CLANG_ENABLE_MODULES = YES;
				CLANG_ENABLE_OBJC_ARC = YES;
				CLANG_WARN_BOOL_CONVERSION = YES;
				CLANG_WARN_CONSTANT_CONVERSION = YES;
				CLANG_WARN_DIRECT_OBJC_ISA_USAGE = YES_ERROR;
				CLANG_WARN_DOCUMENTATION_COMMENTS = YES;
				CLANG_WARN_EMPTY_BODY = YES;
				CLANG_WARN_ENUM_CONVERSION = YES;
				CLANG_WARN_INFINITE_RECURSION = YES;
				CLANG_WARN_INT_CONVERSION = YES;
				CLANG_WARN_OBJC_ROOT_CLASS = YES_ERROR;
				CLANG_WARN_SUSPICIOUS_MOVE = YES;
				CLANG_WARN_UNREACHABLE_CODE = YES;
				CLANG_WARN__DUPLICATE_METHOD_MATCH = YES;
				"CODE_SIGN_IDENTITY[sdk=iphoneos*]" = "iPhone Developer";
				COPY_PHASE_STRIP = NO;
				DEBUG_INFORMATION_FORMAT = "dwarf-with-dsym";
				ENABLE_NS_ASSERTIONS = NO;
				ENABLE_STRICT_OBJC_MSGSEND = YES;
				GCC_C_LANGUAGE_STANDARD = gnu99;
				GCC_NO_COMMON_BLOCKS = YES;
				GCC_WARN_64_TO_32_BIT_CONVERSION = YES;
				GCC_WARN_ABOUT_RETURN_TYPE = YES_ERROR;
				GCC_WARN_UNDECLARED_SELECTOR = YES;
				GCC_WARN_UNINITIALIZED_AUTOS = YES_AGGRESSIVE;
				GCC_WARN_UNUSED_FUNCTION = YES;
				GCC_WARN_UNUSED_VARIABLE = YES;
				IPHONEOS_DEPLOYMENT_TARGET = 10.3;
				MTL_ENABLE_DEBUG_INFO = NO;
				SDKROOT = iphoneos;
				VALIDATE_PRODUCT = YES;
			};
			name = Release;
		};
		937331351EB97A2300C81823 /* Debug */ = {
			isa = XCBuildConfiguration;
			buildSettings = {
				ASSETCATALOG_COMPILER_APPICON_NAME = AppIcon;
				DEVELOPMENT_TEAM = K23Z7P2Y2K;
				INFOPLIST_FILE = KVCDictZModel/Info.plist;
				LD_RUNPATH_SEARCH_PATHS = "$(inherited) @executable_path/Frameworks";
				PRODUCT_BUNDLE_IDENTIFIER = com.golddata.KVCDictZModel;
				PRODUCT_NAME = "$(TARGET_NAME)";
			};
			name = Debug;
		};
		937331361EB97A2300C81823 /* Release */ = {
			isa = XCBuildConfiguration;
			buildSettings = {
				ASSETCATALOG_COMPILER_APPICON_NAME = AppIcon;
				DEVELOPMENT_TEAM = K23Z7P2Y2K;
				INFOPLIST_FILE = KVCDictZModel/Info.plist;
				LD_RUNPATH_SEARCH_PATHS = "$(inherited) @executable_path/Frameworks";
				PRODUCT_BUNDLE_IDENTIFIER = com.golddata.KVCDictZModel;
				PRODUCT_NAME = "$(TARGET_NAME)";
			};
			name = Release;
		};
		937331381EB97A2300C81823 /* Debug */ = {
			isa = XCBuildConfiguration;
			buildSettings = {
				BUNDLE_LOADER = "$(TEST_HOST)";
				DEVELOPMENT_TEAM = K23Z7P2Y2K;
				INFOPLIST_FILE = KVCDictZModelTests/Info.plist;
				LD_RUNPATH_SEARCH_PATHS = "$(inherited) @executable_path/Frameworks @loader_path/Frameworks";
				PRODUCT_BUNDLE_IDENTIFIER = com.golddata.KVCDictZModelTests;
				PRODUCT_NAME = "$(TARGET_NAME)";
				TEST_HOST = "$(BUILT_PRODUCTS_DIR)/KVCDictZModel.app/KVCDictZModel";
			};
			name = Debug;
		};
		937331391EB97A2300C81823 /* Release */ = {
			isa = XCBuildConfiguration;
			buildSettings = {
				BUNDLE_LOADER = "$(TEST_HOST)";
				DEVELOPMENT_TEAM = K23Z7P2Y2K;
				INFOPLIST_FILE = KVCDictZModelTests/Info.plist;
				LD_RUNPATH_SEARCH_PATHS = "$(inherited) @executable_path/Frameworks @loader_path/Frameworks";
				PRODUCT_BUNDLE_IDENTIFIER = com.golddata.KVCDictZModelTests;
				PRODUCT_NAME = "$(TARGET_NAME)";
				TEST_HOST = "$(BUILT_PRODUCTS_DIR)/KVCDictZModel.app/KVCDictZModel";
			};
			name = Release;
		};
		9373313B1EB97A2300C81823 /* Debug */ = {
			isa = XCBuildConfiguration;
			buildSettings = {
				DEVELOPMENT_TEAM = K23Z7P2Y2K;
				INFOPLIST_FILE = KVCDictZModelUITests/Info.plist;
				LD_RUNPATH_SEARCH_PATHS = "$(inherited) @executable_path/Frameworks @loader_path/Frameworks";
				PRODUCT_BUNDLE_IDENTIFIER = com.golddata.KVCDictZModelUITests;
				PRODUCT_NAME = "$(TARGET_NAME)";
				TEST_TARGET_NAME = KVCDictZModel;
			};
			name = Debug;
		};
		9373313C1EB97A2300C81823 /* Release */ = {
			isa = XCBuildConfiguration;
			buildSettings = {
				DEVELOPMENT_TEAM = K23Z7P2Y2K;
				INFOPLIST_FILE = KVCDictZModelUITests/Info.plist;
				LD_RUNPATH_SEARCH_PATHS = "$(inherited) @executable_path/Frameworks @loader_path/Frameworks";
				PRODUCT_BUNDLE_IDENTIFIER = com.golddata.KVCDictZModelUITests;
				PRODUCT_NAME = "$(TARGET_NAME)";
				TEST_TARGET_NAME = KVCDictZModel;
			};
			name = Release;
		};
/* End XCBuildConfiguration section */

/* Begin XCConfigurationList section */
		937331021EB97A2200C81823 /* Build configuration list for PBXProject "KVCDictZModel" */ = {
			isa = XCConfigurationList;
			buildConfigurations = (
				937331321EB97A2300C81823 /* Debug */,
				937331331EB97A2300C81823 /* Release */,
			);
			defaultConfigurationIsVisible = 0;
			defaultConfigurationName = Release;
		};
		937331341EB97A2300C81823 /* Build configuration list for PBXNativeTarget "KVCDictZModel" */ = {
			isa = XCConfigurationList;
			buildConfigurations = (
				937331351EB97A2300C81823 /* Debug */,
				937331361EB97A2300C81823 /* Release */,
			);
			defaultConfigurationIsVisible = 0;
			defaultConfigurationName = Release;
		};
		937331371EB97A2300C81823 /* Build configuration list for PBXNativeTarget "KVCDictZModelTests" */ = {
			isa = XCConfigurationList;
			buildConfigurations = (
				937331381EB97A2300C81823 /* Debug */,
				937331391EB97A2300C81823 /* Release */,
			);
			defaultConfigurationIsVisible = 0;
			defaultConfigurationName = Release;
		};
		9373313A1EB97A2300C81823 /* Build configuration list for PBXNativeTarget "KVCDictZModelUITests" */ = {
			isa = XCConfigurationList;
			buildConfigurations = (
				9373313B1EB97A2300C81823 /* Debug */,
				9373313C1EB97A2300C81823 /* Release */,
			);
			defaultConfigurationIsVisible = 0;
			defaultConfigurationName = Release;
		};
/* End XCConfigurationList section */
	};
	rootObject = 937330FF1EB97A2200C81823 /* Project object */;
}
